// !$*UTF8*$!
{
	archiveVersion = 1;
	classes = {
	};
	objectVersion = 50;
	objects = {

/* Begin PBXBuildFile section */
		C470030724158132003386AC /* AddCommand.swift in Sources */ = {isa = PBXBuildFile; fileRef = C470030624158131003386AC /* AddCommand.swift */; };
		C470030924158143003386AC /* InitCommand.swift in Sources */ = {isa = PBXBuildFile; fileRef = C470030824158143003386AC /* InitCommand.swift */; };
		C470030B24158180003386AC /* Command.swift in Sources */ = {isa = PBXBuildFile; fileRef = C470030A24158180003386AC /* Command.swift */; };
		C4817506241566AD001C71C3 /* main.swift in Sources */ = {isa = PBXBuildFile; fileRef = C4817505241566AD001C71C3 /* main.swift */; };
		C481750E241566CE001C71C3 /* Component.swift in Sources */ = {isa = PBXBuildFile; fileRef = C481750D241566CE001C71C3 /* Component.swift */; };
		C481751024156793001C71C3 /* Dependency.swift in Sources */ = {isa = PBXBuildFile; fileRef = C481750F24156793001C71C3 /* Dependency.swift */; };
		C481751224156D8F001C71C3 /* URL+ext.swift in Sources */ = {isa = PBXBuildFile; fileRef = C481751124156D8F001C71C3 /* URL+ext.swift */; };
		C481751424156DA1001C71C3 /* Log.swift in Sources */ = {isa = PBXBuildFile; fileRef = C481751324156DA1001C71C3 /* Log.swift */; };
/* End PBXBuildFile section */

/* Begin PBXCopyFilesBuildPhase section */
		C4817500241566AD001C71C3 /* CopyFiles */ = {
			isa = PBXCopyFilesBuildPhase;
			buildActionMask = 2147483647;
			dstPath = /usr/share/man/man1/;
			dstSubfolderSpec = 0;
			files = (
			);
			runOnlyForDeploymentPostprocessing = 1;
		};
/* End PBXCopyFilesBuildPhase section */

/* Begin PBXFileReference section */
		C470030624158131003386AC /* AddCommand.swift */ = {isa = PBXFileReference; lastKnownFileType = sourcecode.swift; path = AddCommand.swift; sourceTree = "<group>"; };
		C470030824158143003386AC /* InitCommand.swift */ = {isa = PBXFileReference; lastKnownFileType = sourcecode.swift; path = InitCommand.swift; sourceTree = "<group>"; };
		C470030A24158180003386AC /* Command.swift */ = {isa = PBXFileReference; lastKnownFileType = sourcecode.swift; path = Command.swift; sourceTree = "<group>"; };
		C4817502241566AD001C71C3 /* kaluza */ = {isa = PBXFileReference; explicitFileType = "compiled.mach-o.executable"; includeInIndex = 0; path = kaluza; sourceTree = BUILT_PRODUCTS_DIR; };
		C4817505241566AD001C71C3 /* main.swift */ = {isa = PBXFileReference; lastKnownFileType = sourcecode.swift; path = main.swift; sourceTree = "<group>"; };
		C481750D241566CE001C71C3 /* Component.swift */ = {isa = PBXFileReference; lastKnownFileType = sourcecode.swift; path = Component.swift; sourceTree = "<group>"; };
		C481750F24156793001C71C3 /* Dependency.swift */ = {isa = PBXFileReference; lastKnownFileType = sourcecode.swift; path = Dependency.swift; sourceTree = "<group>"; };
		C481751124156D8F001C71C3 /* URL+ext.swift */ = {isa = PBXFileReference; lastKnownFileType = sourcecode.swift; name = "URL+ext.swift"; path = "../URL+ext.swift"; sourceTree = "<group>"; };
		C481751324156DA1001C71C3 /* Log.swift */ = {isa = PBXFileReference; lastKnownFileType = sourcecode.swift; name = Log.swift; path = ../Log.swift; sourceTree = "<group>"; };
/* End PBXFileReference section */

/* Begin PBXFrameworksBuildPhase section */
		C48174FF241566AD001C71C3 /* Frameworks */ = {
			isa = PBXFrameworksBuildPhase;
			buildActionMask = 2147483647;
			files = (
			);
			runOnlyForDeploymentPostprocessing = 0;
		};
/* End PBXFrameworksBuildPhase section */

/* Begin PBXGroup section */
		C4700304241580F6003386AC /* Utils */ = {
			isa = PBXGroup;
			children = (
				C481751324156DA1001C71C3 /* Log.swift */,
				C481751124156D8F001C71C3 /* URL+ext.swift */,
			);
			path = Utils;
			sourceTree = "<group>";
		};
		C470030524158111003386AC /* Command */ = {
			isa = PBXGroup;
			children = (
				C470030A24158180003386AC /* Command.swift */,
				C470030624158131003386AC /* AddCommand.swift */,
				C470030824158143003386AC /* InitCommand.swift */,
			);
			path = Command;
			sourceTree = "<group>";
		};
		C48174F9241566AD001C71C3 = {
			isa = PBXGroup;
			children = (
				C4817504241566AD001C71C3 /* kaluza */,
				C4817503241566AD001C71C3 /* Products */,
			);
			sourceTree = "<group>";
		};
		C4817503241566AD001C71C3 /* Products */ = {
			isa = PBXGroup;
			children = (
				C4817502241566AD001C71C3 /* kaluza */,
			);
			name = Products;
			sourceTree = "<group>";
		};
		C4817504241566AD001C71C3 /* kaluza */ = {
			isa = PBXGroup;
			children = (
				C470030524158111003386AC /* Command */,
				C4700304241580F6003386AC /* Utils */,
				C481750C241566BA001C71C3 /* Model */,
				C4817505241566AD001C71C3 /* main.swift */,
			);
			path = kaluza;
			sourceTree = "<group>";
		};
		C481750C241566BA001C71C3 /* Model */ = {
			isa = PBXGroup;
			children = (
				C481750D241566CE001C71C3 /* Component.swift */,
				C481750F24156793001C71C3 /* Dependency.swift */,
			);
			path = Model;
			sourceTree = "<group>";
		};
/* End PBXGroup section */

/* Begin PBXNativeTarget section */
		C4817501241566AD001C71C3 /* kaluza */ = {
			isa = PBXNativeTarget;
			buildConfigurationList = C4817509241566AD001C71C3 /* Build configuration list for PBXNativeTarget "kaluza" */;
			buildPhases = (
				C48174FE241566AD001C71C3 /* Sources */,
				C48174FF241566AD001C71C3 /* Frameworks */,
				C4817500241566AD001C71C3 /* CopyFiles */,
			);
			buildRules = (
			);
			dependencies = (
			);
			name = kaluza;
			productName = kaluza;
			productReference = C4817502241566AD001C71C3 /* kaluza */;
			productType = "com.apple.product-type.tool";
		};
/* End PBXNativeTarget section */

/* Begin PBXProject section */
		C48174FA241566AD001C71C3 /* Project object */ = {
			isa = PBXProject;
			attributes = {
				LastSwiftUpdateCheck = 1130;
				LastUpgradeCheck = 1130;
				ORGANIZATIONNAME = phimage;
				TargetAttributes = {
					C4817501241566AD001C71C3 = {
						CreatedOnToolsVersion = 11.3;
					};
				};
			};
			buildConfigurationList = C48174FD241566AD001C71C3 /* Build configuration list for PBXProject "kaluza" */;
			compatibilityVersion = "Xcode 9.3";
			developmentRegion = en;
			hasScannedForEncodings = 0;
			knownRegions = (
				en,
				Base,
			);
			mainGroup = C48174F9241566AD001C71C3;
			productRefGroup = C4817503241566AD001C71C3 /* Products */;
			projectDirPath = "";
			projectRoot = "";
			targets = (
				C4817501241566AD001C71C3 /* kaluza */,
			);
		};
/* End PBXProject section */

/* Begin PBXSourcesBuildPhase section */
		C48174FE241566AD001C71C3 /* Sources */ = {
			isa = PBXSourcesBuildPhase;
			buildActionMask = 2147483647;
			files = (
				C470030B24158180003386AC /* Command.swift in Sources */,
				C481751024156793001C71C3 /* Dependency.swift in Sources */,
				C4817506241566AD001C71C3 /* main.swift in Sources */,
				C481751424156DA1001C71C3 /* Log.swift in Sources */,
				C470030924158143003386AC /* InitCommand.swift in Sources */,
				C470030724158132003386AC /* AddCommand.swift in Sources */,
				C481750E241566CE001C71C3 /* Component.swift in Sources */,
				C481751224156D8F001C71C3 /* URL+ext.swift in Sources */,
			);
			runOnlyForDeploymentPostprocessing = 0;
		};
/* End PBXSourcesBuildPhase section */

/* Begin XCBuildConfiguration section */
		C4817507241566AD001C71C3 /* Debug */ = {
			isa = XCBuildConfiguration;
			buildSettings = {
				ALWAYS_SEARCH_USER_PATHS = NO;
				CLANG_ANALYZER_NONNULL = YES;
				CLANG_ANALYZER_NUMBER_OBJECT_CONVERSION = YES_AGGRESSIVE;
				CLANG_CXX_LANGUAGE_STANDARD = "gnu++14";
				CLANG_CXX_LIBRARY = "libc++";
				CLANG_ENABLE_MODULES = YES;
				CLANG_ENABLE_OBJC_ARC = YES;
				CLANG_ENABLE_OBJC_WEAK = YES;
				CLANG_WARN_BLOCK_CAPTURE_AUTORELEASING = YES;
				CLANG_WARN_BOOL_CONVERSION = YES;
				CLANG_WARN_COMMA = YES;
				CLANG_WARN_CONSTANT_CONVERSION = YES;
				CLANG_WARN_DEPRECATED_OBJC_IMPLEMENTATIONS = YES;
				CLANG_WARN_DIRECT_OBJC_ISA_USAGE = YES_ERROR;
				CLANG_WARN_DOCUMENTATION_COMMENTS = YES;
				CLANG_WARN_EMPTY_BODY = YES;
				CLANG_WARN_ENUM_CONVERSION = YES;
				CLANG_WARN_INFINITE_RECURSION = YES;
				CLANG_WARN_INT_CONVERSION = YES;
				CLANG_WARN_NON_LITERAL_NULL_CONVERSION = YES;
				CLANG_WARN_OBJC_IMPLICIT_RETAIN_SELF = YES;
				CLANG_WARN_OBJC_LITERAL_CONVERSION = YES;
				CLANG_WARN_OBJC_ROOT_CLASS = YES_ERROR;
				CLANG_WARN_RANGE_LOOP_ANALYSIS = YES;
				CLANG_WARN_STRICT_PROTOTYPES = YES;
				CLANG_WARN_SUSPICIOUS_MOVE = YES;
				CLANG_WARN_UNGUARDED_AVAILABILITY = YES_AGGRESSIVE;
				CLANG_WARN_UNREACHABLE_CODE = YES;
				CLANG_WARN__DUPLICATE_METHOD_MATCH = YES;
				COPY_PHASE_STRIP = NO;
				DEBUG_INFORMATION_FORMAT = dwarf;
				ENABLE_STRICT_OBJC_MSGSEND = YES;
				ENABLE_TESTABILITY = YES;
				GCC_C_LANGUAGE_STANDARD = gnu11;
				GCC_DYNAMIC_NO_PIC = NO;
				GCC_NO_COMMON_BLOCKS = YES;
				GCC_OPTIMIZATION_LEVEL = 0;
				GCC_PREPROCESSOR_DEFINITIONS = (
					"DEBUG=1",
					"$(inherited)",
				);
				GCC_WARN_64_TO_32_BIT_CONVERSION = YES;
				GCC_WARN_ABOUT_RETURN_TYPE = YES_ERROR;
				GCC_WARN_UNDECLARED_SELECTOR = YES;
				GCC_WARN_UNINITIALIZED_AUTOS = YES_AGGRESSIVE;
				GCC_WARN_UNUSED_FUNCTION = YES;
				GCC_WARN_UNUSED_VARIABLE = YES;
				MACOSX_DEPLOYMENT_TARGET = 10.15;
				MTL_ENABLE_DEBUG_INFO = INCLUDE_SOURCE;
				MTL_FAST_MATH = YES;
				ONLY_ACTIVE_ARCH = YES;
				SDKROOT = macosx;
				SWIFT_ACTIVE_COMPILATION_CONDITIONS = DEBUG;
				SWIFT_OPTIMIZATION_LEVEL = "-Onone";
			};
			name = Debug;
		};
		C4817508241566AD001C71C3 /* Release */ = {
			isa = XCBuildConfiguration;
			buildSettings = {
				ALWAYS_SEARCH_USER_PATHS = NO;
				CLANG_ANALYZER_NONNULL = YES;
				CLANG_ANALYZER_NUMBER_OBJECT_CONVERSION = YES_AGGRESSIVE;
				CLANG_CXX_LANGUAGE_STANDARD = "gnu++14";
				CLANG_CXX_LIBRARY = "libc++";
				CLANG_ENABLE_MODULES = YES;
				CLANG_ENABLE_OBJC_ARC = YES;
				CLANG_ENABLE_OBJC_WEAK = YES;
				CLANG_WARN_BLOCK_CAPTURE_AUTORELEASING = YES;
				CLANG_WARN_BOOL_CONVERSION = YES;
				CLANG_WARN_COMMA = YES;
				CLANG_WARN_CONSTANT_CONVERSION = YES;
				CLANG_WARN_DEPRECATED_OBJC_IMPLEMENTATIONS = YES;
				CLANG_WARN_DIRECT_OBJC_ISA_USAGE = YES_ERROR;
				CLANG_WARN_DOCUMENTATION_COMMENTS = YES;
				CLANG_WARN_EMPTY_BODY = YES;
				CLANG_WARN_ENUM_CONVERSION = YES;
				CLANG_WARN_INFINITE_RECURSION = YES;
				CLANG_WARN_INT_CONVERSION = YES;
				CLANG_WARN_NON_LITERAL_NULL_CONVERSION = YES;
				CLANG_WARN_OBJC_IMPLICIT_RETAIN_SELF = YES;
				CLANG_WARN_OBJC_LITERAL_CONVERSION = YES;
				CLANG_WARN_OBJC_ROOT_CLASS = YES_ERROR;
				CLANG_WARN_RANGE_LOOP_ANALYSIS = YES;
				CLANG_WARN_STRICT_PROTOTYPES = YES;
				CLANG_WARN_SUSPICIOUS_MOVE = YES;
				CLANG_WARN_UNGUARDED_AVAILABILITY = YES_AGGRESSIVE;
				CLANG_WARN_UNREACHABLE_CODE = YES;
				CLANG_WARN__DUPLICATE_METHOD_MATCH = YES;
				COPY_PHASE_STRIP = NO;
				DEBUG_INFORMATION_FORMAT = "dwarf-with-dsym";
				ENABLE_NS_ASSERTIONS = NO;
				ENABLE_STRICT_OBJC_MSGSEND = YES;
				GCC_C_LANGUAGE_STANDARD = gnu11;
				GCC_NO_COMMON_BLOCKS = YES;
				GCC_WARN_64_TO_32_BIT_CONVERSION = YES;
				GCC_WARN_ABOUT_RETURN_TYPE = YES_ERROR;
				GCC_WARN_UNDECLARED_SELECTOR = YES;
				GCC_WARN_UNINITIALIZED_AUTOS = YES_AGGRESSIVE;
				GCC_WARN_UNUSED_FUNCTION = YES;
				GCC_WARN_UNUSED_VARIABLE = YES;
				MACOSX_DEPLOYMENT_TARGET = 10.15;
				MTL_ENABLE_DEBUG_INFO = NO;
				MTL_FAST_MATH = YES;
				SDKROOT = macosx;
				SWIFT_COMPILATION_MODE = wholemodule;
				SWIFT_OPTIMIZATION_LEVEL = "-O";
			};
			name = Release;
		};
		C481750A241566AD001C71C3 /* Debug */ = {
			isa = XCBuildConfiguration;
			buildSettings = {
				CODE_SIGN_STYLE = Automatic;
				DEVELOPMENT_TEAM = 58P9JF46LX;
				ENABLE_HARDENED_RUNTIME = YES;
				PRODUCT_NAME = "$(TARGET_NAME)";
				SWIFT_VERSION = 5.0;
			};
			name = Debug;
		};
		C481750B241566AD001C71C3 /* Release */ = {
			isa = XCBuildConfiguration;
			buildSettings = {
				CODE_SIGN_STYLE = Automatic;
				DEVELOPMENT_TEAM = 58P9JF46LX;
				ENABLE_HARDENED_RUNTIME = YES;
				PRODUCT_NAME = "$(TARGET_NAME)";
				SWIFT_VERSION = 5.0;
			};
			name = Release;
		};
/* End XCBuildConfiguration section */

/* Begin XCConfigurationList section */
		C48174FD241566AD001C71C3 /* Build configuration list for PBXProject "kaluza" */ = {
			isa = XCConfigurationList;
			buildConfigurations = (
				C4817507241566AD001C71C3 /* Debug */,
				C4817508241566AD001C71C3 /* Release */,
			);
			defaultConfigurationIsVisible = 0;
			defaultConfigurationName = Release;
		};
		C4817509241566AD001C71C3 /* Build configuration list for PBXNativeTarget "kaluza" */ = {
			isa = XCConfigurationList;
			buildConfigurations = (
				C481750A241566AD001C71C3 /* Debug */,
				C481750B241566AD001C71C3 /* Release */,
			);
			defaultConfigurationIsVisible = 0;
			defaultConfigurationName = Release;
		};
/* End XCConfigurationList section */
	};
	rootObject = C48174FA241566AD001C71C3 /* Project object */;
}
